// !$*UTF8*$!
{
	archiveVersion = 1;
	classes = {
	};
	objectVersion = 50;
	objects = {

/* Begin PBXBuildFile section */
		B524EBC42232B96700E0B77A /* AppDelegate.swift in Sources */ = {isa = PBXBuildFile; fileRef = B524EBC32232B96700E0B77A /* AppDelegate.swift */; };
		B524EBC92232B96700E0B77A /* Main.storyboard in Resources */ = {isa = PBXBuildFile; fileRef = B524EBC72232B96700E0B77A /* Main.storyboard */; };
		B524EBCB2232B96800E0B77A /* Assets.xcassets in Resources */ = {isa = PBXBuildFile; fileRef = B524EBCA2232B96800E0B77A /* Assets.xcassets */; };
		B524EBCE2232B96800E0B77A /* LaunchScreen.storyboard in Resources */ = {isa = PBXBuildFile; fileRef = B524EBCC2232B96800E0B77A /* LaunchScreen.storyboard */; };
		B524EBD92232CB3B00E0B77A /* SWRevealViewController.m in Sources */ = {isa = PBXBuildFile; fileRef = B524EBD82232CB3B00E0B77A /* SWRevealViewController.m */; };
		B524EBDE2232D39600E0B77A /* ChatVC.swift in Sources */ = {isa = PBXBuildFile; fileRef = B524EBDD2232D39600E0B77A /* ChatVC.swift */; };
		B524EBE02232D3AF00E0B77A /* ChannelVC.swift in Sources */ = {isa = PBXBuildFile; fileRef = B524EBDF2232D3AF00E0B77A /* ChannelVC.swift */; };
		B524EBE22232DCD000E0B77A /* GradientView.swift in Sources */ = {isa = PBXBuildFile; fileRef = B524EBE12232DCD000E0B77A /* GradientView.swift */; };
		B524EBE52232E78F00E0B77A /* Constants.swift in Sources */ = {isa = PBXBuildFile; fileRef = B524EBE42232E78F00E0B77A /* Constants.swift */; };
		B524EBE72232EEBF00E0B77A /* LoginVC.swift in Sources */ = {isa = PBXBuildFile; fileRef = B524EBE62232EEBF00E0B77A /* LoginVC.swift */; };
		B524EBEA2233169400E0B77A /* CreateAccountVC.swift in Sources */ = {isa = PBXBuildFile; fileRef = B524EBE92233169400E0B77A /* CreateAccountVC.swift */; };
		B524EBED223340F500E0B77A /* AuthService.swift in Sources */ = {isa = PBXBuildFile; fileRef = B524EBEC223340F500E0B77A /* AuthService.swift */; };
		B58D88072235E34500D072D2 /* RoundedButton.swift in Sources */ = {isa = PBXBuildFile; fileRef = B58D88062235E34500D072D2 /* RoundedButton.swift */; };
		B58D8809223756E900D072D2 /* UserDataService.swift in Sources */ = {isa = PBXBuildFile; fileRef = B58D8808223756E900D072D2 /* UserDataService.swift */; };
		B58D880B2238804000D072D2 /* AvatarPickerVC.swift in Sources */ = {isa = PBXBuildFile; fileRef = B58D880A2238804000D072D2 /* AvatarPickerVC.swift */; };
		B58D880D2238839300D072D2 /* AvatarCell.swift in Sources */ = {isa = PBXBuildFile; fileRef = B58D880C2238839300D072D2 /* AvatarCell.swift */; };
		B58D880F2238963C00D072D2 /* CircleImage.swift in Sources */ = {isa = PBXBuildFile; fileRef = B58D880E2238963C00D072D2 /* CircleImage.swift */; };
		DB17EDD7C7EC1F98AE7F5209 /* Pods_Smack.framework in Frameworks */ = {isa = PBXBuildFile; fileRef = A58157FA1109B0DFB7D5D0B8 /* Pods_Smack.framework */; };
/* End PBXBuildFile section */

/* Begin PBXFileReference section */
		16977FC0DDA04A2750C61039 /* Pods-Smack.debug.xcconfig */ = {isa = PBXFileReference; includeInIndex = 1; lastKnownFileType = text.xcconfig; name = "Pods-Smack.debug.xcconfig"; path = "Pods/Target Support Files/Pods-Smack/Pods-Smack.debug.xcconfig"; sourceTree = "<group>"; };
		A58157FA1109B0DFB7D5D0B8 /* Pods_Smack.framework */ = {isa = PBXFileReference; explicitFileType = wrapper.framework; includeInIndex = 0; path = Pods_Smack.framework; sourceTree = BUILT_PRODUCTS_DIR; };
		B524EBC02232B96700E0B77A /* Smack.app */ = {isa = PBXFileReference; explicitFileType = wrapper.application; includeInIndex = 0; path = Smack.app; sourceTree = BUILT_PRODUCTS_DIR; };
		B524EBC32232B96700E0B77A /* AppDelegate.swift */ = {isa = PBXFileReference; lastKnownFileType = sourcecode.swift; path = AppDelegate.swift; sourceTree = "<group>"; };
		B524EBC82232B96700E0B77A /* Base */ = {isa = PBXFileReference; lastKnownFileType = file.storyboard; name = Base; path = Base.lproj/Main.storyboard; sourceTree = "<group>"; };
		B524EBCA2232B96800E0B77A /* Assets.xcassets */ = {isa = PBXFileReference; lastKnownFileType = folder.assetcatalog; path = Assets.xcassets; sourceTree = "<group>"; };
		B524EBCD2232B96800E0B77A /* Base */ = {isa = PBXFileReference; lastKnownFileType = file.storyboard; name = Base; path = Base.lproj/LaunchScreen.storyboard; sourceTree = "<group>"; };
		B524EBCF2232B96800E0B77A /* Info.plist */ = {isa = PBXFileReference; lastKnownFileType = text.plist.xml; path = Info.plist; sourceTree = "<group>"; };
		B524EBD62232CB3B00E0B77A /* Smack-Bridging-Header.h */ = {isa = PBXFileReference; lastKnownFileType = sourcecode.c.h; path = "Smack-Bridging-Header.h"; sourceTree = "<group>"; };
		B524EBD72232CB3B00E0B77A /* SWRevealViewController.h */ = {isa = PBXFileReference; fileEncoding = 4; lastKnownFileType = sourcecode.c.h; name = SWRevealViewController.h; path = "SWRevealViewController-master/SWRevealViewController/SWRevealViewController.h"; sourceTree = SOURCE_ROOT; };
		B524EBD82232CB3B00E0B77A /* SWRevealViewController.m */ = {isa = PBXFileReference; fileEncoding = 4; lastKnownFileType = sourcecode.c.objc; name = SWRevealViewController.m; path = "SWRevealViewController-master/SWRevealViewController/SWRevealViewController.m"; sourceTree = SOURCE_ROOT; };
		B524EBDD2232D39600E0B77A /* ChatVC.swift */ = {isa = PBXFileReference; lastKnownFileType = sourcecode.swift; path = ChatVC.swift; sourceTree = "<group>"; };
		B524EBDF2232D3AF00E0B77A /* ChannelVC.swift */ = {isa = PBXFileReference; lastKnownFileType = sourcecode.swift; path = ChannelVC.swift; sourceTree = "<group>"; };
		B524EBE12232DCD000E0B77A /* GradientView.swift */ = {isa = PBXFileReference; lastKnownFileType = sourcecode.swift; path = GradientView.swift; sourceTree = "<group>"; };
		B524EBE42232E78F00E0B77A /* Constants.swift */ = {isa = PBXFileReference; lastKnownFileType = sourcecode.swift; path = Constants.swift; sourceTree = "<group>"; };
		B524EBE62232EEBF00E0B77A /* LoginVC.swift */ = {isa = PBXFileReference; lastKnownFileType = sourcecode.swift; path = LoginVC.swift; sourceTree = "<group>"; };
		B524EBE92233169400E0B77A /* CreateAccountVC.swift */ = {isa = PBXFileReference; lastKnownFileType = sourcecode.swift; path = CreateAccountVC.swift; sourceTree = "<group>"; };
		B524EBEC223340F500E0B77A /* AuthService.swift */ = {isa = PBXFileReference; lastKnownFileType = sourcecode.swift; path = AuthService.swift; sourceTree = "<group>"; };
		B58D88062235E34500D072D2 /* RoundedButton.swift */ = {isa = PBXFileReference; lastKnownFileType = sourcecode.swift; path = RoundedButton.swift; sourceTree = "<group>"; };
		B58D8808223756E900D072D2 /* UserDataService.swift */ = {isa = PBXFileReference; lastKnownFileType = sourcecode.swift; path = UserDataService.swift; sourceTree = "<group>"; };
		B58D880A2238804000D072D2 /* AvatarPickerVC.swift */ = {isa = PBXFileReference; lastKnownFileType = sourcecode.swift; path = AvatarPickerVC.swift; sourceTree = "<group>"; };
		B58D880C2238839300D072D2 /* AvatarCell.swift */ = {isa = PBXFileReference; lastKnownFileType = sourcecode.swift; path = AvatarCell.swift; sourceTree = "<group>"; };
		B58D880E2238963C00D072D2 /* CircleImage.swift */ = {isa = PBXFileReference; lastKnownFileType = sourcecode.swift; path = CircleImage.swift; sourceTree = "<group>"; };
		F4C497A6C3C9D1865FFBE8F6 /* Pods-Smack.release.xcconfig */ = {isa = PBXFileReference; includeInIndex = 1; lastKnownFileType = text.xcconfig; name = "Pods-Smack.release.xcconfig"; path = "Pods/Target Support Files/Pods-Smack/Pods-Smack.release.xcconfig"; sourceTree = "<group>"; };
/* End PBXFileReference section */

/* Begin PBXFrameworksBuildPhase section */
		B524EBBD2232B96700E0B77A /* Frameworks */ = {
			isa = PBXFrameworksBuildPhase;
			buildActionMask = 2147483647;
			files = (
				DB17EDD7C7EC1F98AE7F5209 /* Pods_Smack.framework in Frameworks */,
			);
			runOnlyForDeploymentPostprocessing = 0;
		};
/* End PBXFrameworksBuildPhase section */

/* Begin PBXGroup section */
		6C9E1F546E59EFD69608A228 /* Frameworks */ = {
			isa = PBXGroup;
			children = (
				A58157FA1109B0DFB7D5D0B8 /* Pods_Smack.framework */,
			);
			name = Frameworks;
			sourceTree = "<group>";
		};
		B524EBB72232B96700E0B77A = {
			isa = PBXGroup;
			children = (
				B524EBC22232B96700E0B77A /* Smack */,
				B524EBC12232B96700E0B77A /* Products */,
				D11A466BFC4083F0567BC260 /* Pods */,
				6C9E1F546E59EFD69608A228 /* Frameworks */,
			);
			sourceTree = "<group>";
		};
		B524EBC12232B96700E0B77A /* Products */ = {
			isa = PBXGroup;
			children = (
				B524EBC02232B96700E0B77A /* Smack.app */,
			);
			name = Products;
			sourceTree = "<group>";
		};
		B524EBC22232B96700E0B77A /* Smack */ = {
			isa = PBXGroup;
			children = (
				B524EBEB22333B0100E0B77A /* Services */,
				B524EBE32232E76B00E0B77A /* Utilities */,
				B524EBDA2232D33900E0B77A /* Model */,
				B524EBDB2232D34400E0B77A /* Views */,
				B524EBDC2232D34800E0B77A /* Controller */,
				B524EBD52232CAC800E0B77A /* Supporting Files */,
				B524EBC32232B96700E0B77A /* AppDelegate.swift */,
				B524EBC72232B96700E0B77A /* Main.storyboard */,
				B524EBCA2232B96800E0B77A /* Assets.xcassets */,
				B524EBCC2232B96800E0B77A /* LaunchScreen.storyboard */,
				B524EBCF2232B96800E0B77A /* Info.plist */,
			);
			path = Smack;
			sourceTree = "<group>";
		};
		B524EBD52232CAC800E0B77A /* Supporting Files */ = {
			isa = PBXGroup;
			children = (
				B524EBD72232CB3B00E0B77A /* SWRevealViewController.h */,
				B524EBD82232CB3B00E0B77A /* SWRevealViewController.m */,
				B524EBD62232CB3B00E0B77A /* Smack-Bridging-Header.h */,
			);
			path = "Supporting Files";
			sourceTree = "<group>";
		};
		B524EBDA2232D33900E0B77A /* Model */ = {
			isa = PBXGroup;
			children = (
			);
			path = Model;
			sourceTree = "<group>";
		};
		B524EBDB2232D34400E0B77A /* Views */ = {
			isa = PBXGroup;
			children = (
				B524EBE12232DCD000E0B77A /* GradientView.swift */,
				B58D88062235E34500D072D2 /* RoundedButton.swift */,
				B58D880C2238839300D072D2 /* AvatarCell.swift */,
				B58D880E2238963C00D072D2 /* CircleImage.swift */,
			);
			path = Views;
			sourceTree = "<group>";
		};
		B524EBDC2232D34800E0B77A /* Controller */ = {
			isa = PBXGroup;
			children = (
				B524EBDD2232D39600E0B77A /* ChatVC.swift */,
				B524EBDF2232D3AF00E0B77A /* ChannelVC.swift */,
				B524EBE62232EEBF00E0B77A /* LoginVC.swift */,
				B524EBE92233169400E0B77A /* CreateAccountVC.swift */,
				B58D880A2238804000D072D2 /* AvatarPickerVC.swift */,
			);
			path = Controller;
			sourceTree = "<group>";
		};
		B524EBE32232E76B00E0B77A /* Utilities */ = {
			isa = PBXGroup;
			children = (
				B524EBE42232E78F00E0B77A /* Constants.swift */,
			);
			path = Utilities;
			sourceTree = "<group>";
		};
		B524EBEB22333B0100E0B77A /* Services */ = {
			isa = PBXGroup;
			children = (
				B524EBEC223340F500E0B77A /* AuthService.swift */,
				B58D8808223756E900D072D2 /* UserDataService.swift */,
			);
			path = Services;
			sourceTree = "<group>";
		};
		D11A466BFC4083F0567BC260 /* Pods */ = {
			isa = PBXGroup;
			children = (
				16977FC0DDA04A2750C61039 /* Pods-Smack.debug.xcconfig */,
				F4C497A6C3C9D1865FFBE8F6 /* Pods-Smack.release.xcconfig */,
			);
			name = Pods;
			sourceTree = "<group>";
		};
/* End PBXGroup section */

/* Begin PBXNativeTarget section */
		B524EBBF2232B96700E0B77A /* Smack */ = {
			isa = PBXNativeTarget;
			buildConfigurationList = B524EBD22232B96800E0B77A /* Build configuration list for PBXNativeTarget "Smack" */;
			buildPhases = (
				A36AE7C0D57C18CD81546B4F /* [CP] Check Pods Manifest.lock */,
				B524EBBC2232B96700E0B77A /* Sources */,
				B524EBBD2232B96700E0B77A /* Frameworks */,
				B524EBBE2232B96700E0B77A /* Resources */,
				43C8DA2B01BB3557C1781539 /* [CP] Embed Pods Frameworks */,
			);
			buildRules = (
			);
			dependencies = (
			);
			name = Smack;
			productName = Smack;
			productReference = B524EBC02232B96700E0B77A /* Smack.app */;
			productType = "com.apple.product-type.application";
		};
/* End PBXNativeTarget section */

/* Begin PBXProject section */
		B524EBB82232B96700E0B77A /* Project object */ = {
			isa = PBXProject;
			attributes = {
				LastSwiftUpdateCheck = 1020;
				LastUpgradeCheck = 1020;
				ORGANIZATIONNAME = "Austin Rightnowar";
				TargetAttributes = {
					B524EBBF2232B96700E0B77A = {
						CreatedOnToolsVersion = 10.2;
						LastSwiftMigration = 1020;
					};
				};
			};
			buildConfigurationList = B524EBBB2232B96700E0B77A /* Build configuration list for PBXProject "Smack" */;
			compatibilityVersion = "Xcode 9.3";
			developmentRegion = en;
			hasScannedForEncodings = 0;
			knownRegions = (
				en,
				Base,
			);
			mainGroup = B524EBB72232B96700E0B77A;
			productRefGroup = B524EBC12232B96700E0B77A /* Products */;
			projectDirPath = "";
			projectRoot = "";
			targets = (
				B524EBBF2232B96700E0B77A /* Smack */,
			);
		};
/* End PBXProject section */

/* Begin PBXResourcesBuildPhase section */
		B524EBBE2232B96700E0B77A /* Resources */ = {
			isa = PBXResourcesBuildPhase;
			buildActionMask = 2147483647;
			files = (
				B524EBCE2232B96800E0B77A /* LaunchScreen.storyboard in Resources */,
				B524EBCB2232B96800E0B77A /* Assets.xcassets in Resources */,
				B524EBC92232B96700E0B77A /* Main.storyboard in Resources */,
			);
			runOnlyForDeploymentPostprocessing = 0;
		};
/* End PBXResourcesBuildPhase section */

/* Begin PBXShellScriptBuildPhase section */
		43C8DA2B01BB3557C1781539 /* [CP] Embed Pods Frameworks */ = {
			isa = PBXShellScriptBuildPhase;
			buildActionMask = 2147483647;
			files = (
			);
			inputPaths = (
				"${SRCROOT}/Pods/Target Support Files/Pods-Smack/Pods-Smack-frameworks.sh",
				"${BUILT_PRODUCTS_DIR}/Alamofire/Alamofire.framework",
				"${BUILT_PRODUCTS_DIR}/Socket.IO-Client-Swift/SocketIO.framework",
				"${BUILT_PRODUCTS_DIR}/Starscream/Starscream.framework",
				"${BUILT_PRODUCTS_DIR}/SwiftyJSON/SwiftyJSON.framework",
			);
			name = "[CP] Embed Pods Frameworks";
			outputPaths = (
				"${TARGET_BUILD_DIR}/${FRAMEWORKS_FOLDER_PATH}/Alamofire.framework",
				"${TARGET_BUILD_DIR}/${FRAMEWORKS_FOLDER_PATH}/SocketIO.framework",
				"${TARGET_BUILD_DIR}/${FRAMEWORKS_FOLDER_PATH}/Starscream.framework",
				"${TARGET_BUILD_DIR}/${FRAMEWORKS_FOLDER_PATH}/SwiftyJSON.framework",
			);
			runOnlyForDeploymentPostprocessing = 0;
			shellPath = /bin/sh;
			shellScript = "\"${SRCROOT}/Pods/Target Support Files/Pods-Smack/Pods-Smack-frameworks.sh\"\n";
			showEnvVarsInLog = 0;
		};
		A36AE7C0D57C18CD81546B4F /* [CP] Check Pods Manifest.lock */ = {
			isa = PBXShellScriptBuildPhase;
			buildActionMask = 2147483647;
			files = (
			);
			inputPaths = (
				"${PODS_PODFILE_DIR_PATH}/Podfile.lock",
				"${PODS_ROOT}/Manifest.lock",
			);
			name = "[CP] Check Pods Manifest.lock";
			outputPaths = (
				"$(DERIVED_FILE_DIR)/Pods-Smack-checkManifestLockResult.txt",
			);
			runOnlyForDeploymentPostprocessing = 0;
			shellPath = /bin/sh;
			shellScript = "diff \"${PODS_PODFILE_DIR_PATH}/Podfile.lock\" \"${PODS_ROOT}/Manifest.lock\" > /dev/null\nif [ $? != 0 ] ; then\n    # print error to STDERR\n    echo \"error: The sandbox is not in sync with the Podfile.lock. Run 'pod install' or update your CocoaPods installation.\" >&2\n    exit 1\nfi\n# This output is used by Xcode 'outputs' to avoid re-running this script phase.\necho \"SUCCESS\" > \"${SCRIPT_OUTPUT_FILE_0}\"\n";
			showEnvVarsInLog = 0;
		};
/* End PBXShellScriptBuildPhase section */

/* Begin PBXSourcesBuildPhase section */
		B524EBBC2232B96700E0B77A /* Sources */ = {
			isa = PBXSourcesBuildPhase;
			buildActionMask = 2147483647;
			files = (
				B524EBE02232D3AF00E0B77A /* ChannelVC.swift in Sources */,
				B58D880B2238804000D072D2 /* AvatarPickerVC.swift in Sources */,
				B58D88072235E34500D072D2 /* RoundedButton.swift in Sources */,
				B58D880F2238963C00D072D2 /* CircleImage.swift in Sources */,
				B524EBDE2232D39600E0B77A /* ChatVC.swift in Sources */,
				B58D8809223756E900D072D2 /* UserDataService.swift in Sources */,
				B524EBEA2233169400E0B77A /* CreateAccountVC.swift in Sources */,
				B524EBED223340F500E0B77A /* AuthService.swift in Sources */,
				B524EBE22232DCD000E0B77A /* GradientView.swift in Sources */,
				B524EBC42232B96700E0B77A /* AppDelegate.swift in Sources */,
				B58D880D2238839300D072D2 /* AvatarCell.swift in Sources */,
				B524EBD92232CB3B00E0B77A /* SWRevealViewController.m in Sources */,
				B524EBE52232E78F00E0B77A /* Constants.swift in Sources */,
				B524EBE72232EEBF00E0B77A /* LoginVC.swift in Sources */,
			);
			runOnlyForDeploymentPostprocessing = 0;
		};
/* End PBXSourcesBuildPhase section */

/* Begin PBXVariantGroup section */
		B524EBC72232B96700E0B77A /* Main.storyboard */ = {
			isa = PBXVariantGroup;
			children = (
				B524EBC82232B96700E0B77A /* Base */,
			);
			name = Main.storyboard;
			sourceTree = "<group>";
		};
		B524EBCC2232B96800E0B77A /* LaunchScreen.storyboard */ = {
			isa = PBXVariantGroup;
			children = (
				B524EBCD2232B96800E0B77A /* Base */,
			);
			name = LaunchScreen.storyboard;
			sourceTree = "<group>";
		};
/* End PBXVariantGroup section */

/* Begin XCBuildConfiguration section */
		B524EBD02232B96800E0B77A /* Debug */ = {
			isa = XCBuildConfiguration;
			buildSettings = {
				ALWAYS_SEARCH_USER_PATHS = NO;
				CLANG_ANALYZER_NONNULL = YES;
				CLANG_ANALYZER_NUMBER_OBJECT_CONVERSION = YES_AGGRESSIVE;
				CLANG_CXX_LANGUAGE_STANDARD = "gnu++14";
				CLANG_CXX_LIBRARY = "libc++";
				CLANG_ENABLE_MODULES = YES;
				CLANG_ENABLE_OBJC_ARC = YES;
				CLANG_ENABLE_OBJC_WEAK = YES;
				CLANG_WARN_BLOCK_CAPTURE_AUTORELEASING = YES;
				CLANG_WARN_BOOL_CONVERSION = YES;
				CLANG_WARN_COMMA = YES;
				CLANG_WARN_CONSTANT_CONVERSION = YES;
				CLANG_WARN_DEPRECATED_OBJC_IMPLEMENTATIONS = YES;
				CLANG_WARN_DIRECT_OBJC_ISA_USAGE = YES_ERROR;
				CLANG_WARN_DOCUMENTATION_COMMENTS = YES;
				CLANG_WARN_EMPTY_BODY = YES;
				CLANG_WARN_ENUM_CONVERSION = YES;
				CLANG_WARN_INFINITE_RECURSION = YES;
				CLANG_WARN_INT_CONVERSION = YES;
				CLANG_WARN_NON_LITERAL_NULL_CONVERSION = YES;
				CLANG_WARN_OBJC_IMPLICIT_RETAIN_SELF = YES;
				CLANG_WARN_OBJC_LITERAL_CONVERSION = YES;
				CLANG_WARN_OBJC_ROOT_CLASS = YES_ERROR;
				CLANG_WARN_RANGE_LOOP_ANALYSIS = YES;
				CLANG_WARN_STRICT_PROTOTYPES = YES;
				CLANG_WARN_SUSPICIOUS_MOVE = YES;
				CLANG_WARN_UNGUARDED_AVAILABILITY = YES_AGGRESSIVE;
				CLANG_WARN_UNREACHABLE_CODE = YES;
				CLANG_WARN__DUPLICATE_METHOD_MATCH = YES;
				CODE_SIGN_IDENTITY = "iPhone Developer";
				COPY_PHASE_STRIP = NO;
				DEBUG_INFORMATION_FORMAT = dwarf;
				ENABLE_STRICT_OBJC_MSGSEND = YES;
				ENABLE_TESTABILITY = YES;
				GCC_C_LANGUAGE_STANDARD = gnu11;
				GCC_DYNAMIC_NO_PIC = NO;
				GCC_NO_COMMON_BLOCKS = YES;
				GCC_OPTIMIZATION_LEVEL = 0;
				GCC_PREPROCESSOR_DEFINITIONS = (
					"DEBUG=1",
					"$(inherited)",
				);
				GCC_WARN_64_TO_32_BIT_CONVERSION = YES;
				GCC_WARN_ABOUT_RETURN_TYPE = YES_ERROR;
				GCC_WARN_UNDECLARED_SELECTOR = YES;
				GCC_WARN_UNINITIALIZED_AUTOS = YES_AGGRESSIVE;
				GCC_WARN_UNUSED_FUNCTION = YES;
				GCC_WARN_UNUSED_VARIABLE = YES;
				IPHONEOS_DEPLOYMENT_TARGET = 12.2;
				MTL_ENABLE_DEBUG_INFO = INCLUDE_SOURCE;
				MTL_FAST_MATH = YES;
				ONLY_ACTIVE_ARCH = YES;
				SDKROOT = iphoneos;
				SWIFT_ACTIVE_COMPILATION_CONDITIONS = DEBUG;
				SWIFT_OPTIMIZATION_LEVEL = "-Onone";
			};
			name = Debug;
		};
		B524EBD12232B96800E0B77A /* Release */ = {
			isa = XCBuildConfiguration;
			buildSettings = {
				ALWAYS_SEARCH_USER_PATHS = NO;
				CLANG_ANALYZER_NONNULL = YES;
				CLANG_ANALYZER_NUMBER_OBJECT_CONVERSION = YES_AGGRESSIVE;
				CLANG_CXX_LANGUAGE_STANDARD = "gnu++14";
				CLANG_CXX_LIBRARY = "libc++";
				CLANG_ENABLE_MODULES = YES;
				CLANG_ENABLE_OBJC_ARC = YES;
				CLANG_ENABLE_OBJC_WEAK = YES;
				CLANG_WARN_BLOCK_CAPTURE_AUTORELEASING = YES;
				CLANG_WARN_BOOL_CONVERSION = YES;
				CLANG_WARN_COMMA = YES;
				CLANG_WARN_CONSTANT_CONVERSION = YES;
				CLANG_WARN_DEPRECATED_OBJC_IMPLEMENTATIONS = YES;
				CLANG_WARN_DIRECT_OBJC_ISA_USAGE = YES_ERROR;
				CLANG_WARN_DOCUMENTATION_COMMENTS = YES;
				CLANG_WARN_EMPTY_BODY = YES;
				CLANG_WARN_ENUM_CONVERSION = YES;
				CLANG_WARN_INFINITE_RECURSION = YES;
				CLANG_WARN_INT_CONVERSION = YES;
				CLANG_WARN_NON_LITERAL_NULL_CONVERSION = YES;
				CLANG_WARN_OBJC_IMPLICIT_RETAIN_SELF = YES;
				CLANG_WARN_OBJC_LITERAL_CONVERSION = YES;
				CLANG_WARN_OBJC_ROOT_CLASS = YES_ERROR;
				CLANG_WARN_RANGE_LOOP_ANALYSIS = YES;
				CLANG_WARN_STRICT_PROTOTYPES = YES;
				CLANG_WARN_SUSPICIOUS_MOVE = YES;
				CLANG_WARN_UNGUARDED_AVAILABILITY = YES_AGGRESSIVE;
				CLANG_WARN_UNREACHABLE_CODE = YES;
				CLANG_WARN__DUPLICATE_METHOD_MATCH = YES;
				CODE_SIGN_IDENTITY = "iPhone Developer";
				COPY_PHASE_STRIP = NO;
				DEBUG_INFORMATION_FORMAT = "dwarf-with-dsym";
				ENABLE_NS_ASSERTIONS = NO;
				ENABLE_STRICT_OBJC_MSGSEND = YES;
				GCC_C_LANGUAGE_STANDARD = gnu11;
				GCC_NO_COMMON_BLOCKS = YES;
				GCC_WARN_64_TO_32_BIT_CONVERSION = YES;
				GCC_WARN_ABOUT_RETURN_TYPE = YES_ERROR;
				GCC_WARN_UNDECLARED_SELECTOR = YES;
				GCC_WARN_UNINITIALIZED_AUTOS = YES_AGGRESSIVE;
				GCC_WARN_UNUSED_FUNCTION = YES;
				GCC_WARN_UNUSED_VARIABLE = YES;
				IPHONEOS_DEPLOYMENT_TARGET = 12.2;
				MTL_ENABLE_DEBUG_INFO = NO;
				MTL_FAST_MATH = YES;
				SDKROOT = iphoneos;
				SWIFT_COMPILATION_MODE = wholemodule;
				SWIFT_OPTIMIZATION_LEVEL = "-O";
				VALIDATE_PRODUCT = YES;
			};
			name = Release;
		};
		B524EBD32232B96800E0B77A /* Debug */ = {
			isa = XCBuildConfiguration;
			baseConfigurationReference = 16977FC0DDA04A2750C61039 /* Pods-Smack.debug.xcconfig */;
			buildSettings = {
				ASSETCATALOG_COMPILER_APPICON_NAME = AppIcon;
				CLANG_ENABLE_MODULES = YES;
				CODE_SIGN_STYLE = Automatic;
				INFOPLIST_FILE = Smack/Info.plist;
				LD_RUNPATH_SEARCH_PATHS = (
					"$(inherited)",
					"@executable_path/Frameworks",
				);
				PRODUCT_BUNDLE_IDENTIFIER = com.JATRpresets.Smack;
				PRODUCT_NAME = "$(TARGET_NAME)";
				SWIFT_OBJC_BRIDGING_HEADER = "Smack/Supporting Files/Smack-Bridging-Header.h";
				SWIFT_OPTIMIZATION_LEVEL = "-Onone";
				SWIFT_VERSION = 5.0;
				TARGETED_DEVICE_FAMILY = "1,2";
			};
			name = Debug;
		};
		B524EBD42232B96800E0B77A /* Release */ = {
			isa = XCBuildConfiguration;
			baseConfigurationReference = F4C497A6C3C9D1865FFBE8F6 /* Pods-Smack.release.xcconfig */;
			buildSettings = {
				ASSETCATALOG_COMPILER_APPICON_NAME = AppIcon;
				CLANG_ENABLE_MODULES = YES;
				CODE_SIGN_STYLE = Automatic;
				INFOPLIST_FILE = Smack/Info.plist;
				LD_RUNPATH_SEARCH_PATHS = (
					"$(inherited)",
					"@executable_path/Frameworks",
				);
				PRODUCT_BUNDLE_IDENTIFIER = com.JATRpresets.Smack;
				PRODUCT_NAME = "$(TARGET_NAME)";
				SWIFT_OBJC_BRIDGING_HEADER = "Smack/Supporting Files/Smack-Bridging-Header.h";
				SWIFT_VERSION = 5.0;
				TARGETED_DEVICE_FAMILY = "1,2";
			};
			name = Release;
		};
/* End XCBuildConfiguration section */

/* Begin XCConfigurationList section */
		B524EBBB2232B96700E0B77A /* Build configuration list for PBXProject "Smack" */ = {
			isa = XCConfigurationList;
			buildConfigurations = (
				B524EBD02232B96800E0B77A /* Debug */,
				B524EBD12232B96800E0B77A /* Release */,
			);
			defaultConfigurationIsVisible = 0;
			defaultConfigurationName = Release;
		};
		B524EBD22232B96800E0B77A /* Build configuration list for PBXNativeTarget "Smack" */ = {
			isa = XCConfigurationList;
			buildConfigurations = (
				B524EBD32232B96800E0B77A /* Debug */,
				B524EBD42232B96800E0B77A /* Release */,
			);
			defaultConfigurationIsVisible = 0;
			defaultConfigurationName = Release;
		};
/* End XCConfigurationList section */
	};
	rootObject = B524EBB82232B96700E0B77A /* Project object */;
}
